
Microsoft Visual Studio Solution File, Format Version 12.00
# Visual Studio 14
VisualStudioVersion = 14.0.22823.1
MinimumVisualStudioVersion = 10.0.40219.1
Project("{FAE04EC0-301F-11D3-BF4B-00C04F79EFBC}") = "SampleConsoleApp", "SampleConsoleApp\SampleConsoleApp.csproj", "{7855389B-A1F0-4A7C-A83A-38EEF5B73F9A}"
EndProject
Project("{FAE04EC0-301F-11D3-BF4B-00C04F79EFBC}") = "Samples", "Samples\Samples.csproj", "{C1C2B521-22B6-4124-AAEC-A5E1FCAB0DFA}"
EndProject
Project("{FAE04EC0-301F-11D3-BF4B-00C04F79EFBC}") = "SampleTests", "SampleTests\SampleTests.csproj", "{E8F7142C-412D-40A8-AC5E-C90339A8C559}"
EndProject
Project("{FAE04EC0-301F-11D3-BF4B-00C04F79EFBC}") = "RuleSamples", "RuleSamples\RuleSamples.csproj", "{18E096E9-6A3D-4124-B908-9C39A425F7BE}"
EndProject
Project("{FAE04EC0-301F-11D3-BF4B-00C04F79EFBC}") = "RuleTests", "RuleTests\RuleTests.csproj", "{DF142FCD-E8E0-4841-BDB9-C9974F09068D}"
EndProject
Project("{FAE04EC0-301F-11D3-BF4B-00C04F79EFBC}") = "DacFxStronglyTypedModel", "DacFxStronglyTypedModel\DacFxStronglyTypedModel.csproj", "{832ECF86-C071-4628-A8B7-2529D8A7BDBC}"
EndProject
Project("{FAE04EC0-301F-11D3-BF4B-00C04F79EFBC}") = "TestUtils", "TestUtils\TestUtils.csproj", "{EDF01D79-66D0-496C-82D2-431831564817}"
EndProject
Global
	GlobalSection(SolutionConfigurationPlatforms) = preSolution
		Debug|Any CPU = Debug|Any CPU
		Release|Any CPU = Release|Any CPU
	EndGlobalSection
	GlobalSection(ProjectConfigurationPlatforms) = postSolution
		{7855389B-A1F0-4A7C-A83A-38EEF5B73F9A}.Debug|Any CPU.ActiveCfg = Debug|Any CPU
		{7855389B-A1F0-4A7C-A83A-38EEF5B73F9A}.Debug|Any CPU.Build.0 = Debug|Any CPU
		{7855389B-A1F0-4A7C-A83A-38EEF5B73F9A}.Release|Any CPU.ActiveCfg = Release|Any CPU
		{7855389B-A1F0-4A7C-A83A-38EEF5B73F9A}.Release|Any CPU.Build.0 = Release|Any CPU
		{C1C2B521-22B6-4124-AAEC-A5E1FCAB0DFA}.Debug|Any CPU.ActiveCfg = Debug|Any CPU
		{C1C2B521-22B6-4124-AAEC-A5E1FCAB0DFA}.Debug|Any CPU.Build.0 = Debug|Any CPU
		{C1C2B521-22B6-4124-AAEC-A5E1FCAB0DFA}.Release|Any CPU.ActiveCfg = Release|Any CPU
		{C1C2B521-22B6-4124-AAEC-A5E1FCAB0DFA}.Release|Any CPU.Build.0 = Release|Any CPU
		{E8F7142C-412D-40A8-AC5E-C90339A8C559}.Debug|Any CPU.ActiveCfg = Debug|Any CPU
		{E8F7142C-412D-40A8-AC5E-C90339A8C559}.Debug|Any CPU.Build.0 = Debug|Any CPU
		{E8F7142C-412D-40A8-AC5E-C90339A8C559}.Release|Any CPU.ActiveCfg = Release|Any CPU
		{E8F7142C-412D-40A8-AC5E-C90339A8C559}.Release|Any CPU.Build.0 = Release|Any CPU
		{18E096E9-6A3D-4124-B908-9C39A425F7BE}.Debug|Any CPU.ActiveCfg = Debug|Any CPU
		{18E096E9-6A3D-4124-B908-9C39A425F7BE}.Debug|Any CPU.Build.0 = Debug|Any CPU
		{18E096E9-6A3D-4124-B908-9C39A425F7BE}.Release|Any CPU.ActiveCfg = Release|Any CPU
		{18E096E9-6A3D-4124-B908-9C39A425F7BE}.Release|Any CPU.Build.0 = Release|Any CPU
		{DF142FCD-E8E0-4841-BDB9-C9974F09068D}.Debug|Any CPU.ActiveCfg = Debug|Any CPU
		{DF142FCD-E8E0-4841-BDB9-C9974F09068D}.Debug|Any CPU.Build.0 = Debug|Any CPU
		{DF142FCD-E8E0-4841-BDB9-C9974F09068D}.Release|Any CPU.ActiveCfg = Release|Any CPU
		{DF142FCD-E8E0-4841-BDB9-C9974F09068D}.Release|Any CPU.Build.0 = Release|Any CPU
		{832ECF86-C071-4628-A8B7-2529D8A7BDBC}.Debug|Any CPU.ActiveCfg = Debug|Any CPU
		{832ECF86-C071-4628-A8B7-2529D8A7BDBC}.Debug|Any CPU.Build.0 = Debug|Any CPU
		{832ECF86-C071-4628-A8B7-2529D8A7BDBC}.Release|Any CPU.ActiveCfg = Release|Any CPU
		{832ECF86-C071-4628-A8B7-2529D8A7BDBC}.Release|Any CPU.Build.0 = Release|Any CPU
		{EDF01D79-66D0-496C-82D2-431831564817}.Debug|Any CPU.ActiveCfg = Debug|Any CPU
		{EDF01D79-66D0-496C-82D2-431831564817}.Debug|Any CPU.Build.0 = Debug|Any CPU
		{EDF01D79-66D0-496C-82D2-431831564817}.Release|Any CPU.ActiveCfg = Release|Any CPU
		{EDF01D79-66D0-496C-82D2-431831564817}.Release|Any CPU.Build.0 = Release|Any CPU
	EndGlobalSection
	GlobalSection(SolutionProperties) = preSolution
		HideSolutionNode = FALSE
	EndGlobalSection
EndGlobal
